
Microsoft Visual Studio Solution File, Format Version 12.00
# Visual Studio 15
VisualStudioVersion = 15.0.28307.271
MinimumVisualStudioVersion = 10.0.40219.1
Project("{FAE04EC0-301F-11D3-BF4B-00C04F79EFBC}") = "FrameAnalysis", "FrameAnalysis\FrameAnalysis.csproj", "{933437AB-79C3-4566-BC0F-27B4AE930C74}"
EndProject
Project("{2150E333-8FDC-42A3-9474-1A3956D46DE8}") = "Solution Items", "Solution Items", "{BCEB0B95-388C-4967-A0D1-F54767029B8F}"
EndProject
Global
	GlobalSection(SolutionConfigurationPlatforms) = preSolution
		Debug|Any CPU = Debug|Any CPU
		Release|Any CPU = Release|Any CPU
	EndGlobalSection
	GlobalSection(ProjectConfigurationPlatforms) = postSolution
		{933437AB-79C3-4566-BC0F-27B4AE930C74}.Debug|Any CPU.ActiveCfg = Debug|Any CPU
		{933437AB-79C3-4566-BC0F-27B4AE930C74}.Debug|Any CPU.Build.0 = Debug|Any CPU
		{933437AB-79C3-4566-BC0F-27B4AE930C74}.Release|Any CPU.ActiveCfg = Release|Any CPU
		{933437AB-79C3-4566-BC0F-27B4AE930C74}.Release|Any CPU.Build.0 = Release|Any CPU
	EndGlobalSection
	GlobalSection(SolutionProperties) = preSolution
		HideSolutionNode = FALSE
	EndGlobalSection
	GlobalSection(ExtensibilityGlobals) = postSolution
		SolutionGuid = {09356C17-CE6D-4364-9793-22C1E1FDD33C}
	EndGlobalSection
EndGlobal
